
Microsoft Visual Studio Solution File, Format Version 12.00
# Visual Studio Version 17
VisualStudioVersion = 17.10.34916.146
MinimumVisualStudioVersion = 10.0.40219.1
Project("{8BC9CEB8-8B4A-11D0-8D11-00A0C91BC942}") = "Caesar's cipher", "Caesar's cipher\Caesar's cipher.vcxproj", "{F71C28CF-ED52-4492-85FC-90BF313E74B0}"
EndProject
Global
	GlobalSection(SolutionConfigurationPlatforms) = preSolution
		Debug|x64 = Debug|x64
		Debug|x86 = Debug|x86
		Release|x64 = Release|x64
		Release|x86 = Release|x86
	EndGlobalSection
	GlobalSection(ProjectConfigurationPlatforms) = postSolution
		{F71C28CF-ED52-4492-85FC-90BF313E74B0}.Debug|x64.ActiveCfg = Debug|x64
		{F71C28CF-ED52-4492-85FC-90BF313E74B0}.Debug|x64.Build.0 = Debug|x64
		{F71C28CF-ED52-4492-85FC-90BF313E74B0}.Debug|x86.ActiveCfg = Debug|Win32
		{F71C28CF-ED52-4492-85FC-90BF313E74B0}.Debug|x86.Build.0 = Debug|Win32
		{F71C28CF-ED52-4492-85FC-90BF313E74B0}.Release|x64.ActiveCfg = Release|x64
		{F71C28CF-ED52-4492-85FC-90BF313E74B0}.Release|x64.Build.0 = Release|x64
		{F71C28CF-ED52-4492-85FC-90BF313E74B0}.Release|x86.ActiveCfg = Release|Win32
		{F71C28CF-ED52-4492-85FC-90BF313E74B0}.Release|x86.Build.0 = Release|Win32
	EndGlobalSection
	GlobalSection(SolutionProperties) = preSolution
		HideSolutionNode = FALSE
	EndGlobalSection
	GlobalSection(ExtensibilityGlobals) = postSolution
		SolutionGuid = {079002A8-2BAF-4217-9C2F-6EBC3B17291F}
	EndGlobalSection
EndGlobal
